
Microsoft Visual Studio Solution File, Format Version 12.00
# Visual Studio Version 17
VisualStudioVersion = 17.5.33627.172
MinimumVisualStudioVersion = 10.0.40219.1
Project("{9A19103F-16F7-4668-BE54-9A1E7A4F7556}") = "SignalRHub.Client", "Client\SignalRHub.Client.csproj", "{4B7A1F22-F897-4AFF-89A3-51545F6C5A18}"
EndProject
Project("{9A19103F-16F7-4668-BE54-9A1E7A4F7556}") = "SignalRServer", "SignalRServer\SignalRServer.csproj", "{97E29BAB-1450-41F0-9C51-A5750A227E71}"
EndProject
Project("{9A19103F-16F7-4668-BE54-9A1E7A4F7556}") = "SignalRClient", "SignalRClient\SignalRClient.csproj", "{9F4284E6-8E3A-4208-87CA-FDFA7202DE92}"
EndProject
Project("{9A19103F-16F7-4668-BE54-9A1E7A4F7556}") = "TCP.UDP", "TCP.UDP\TCP.UDP.csproj", "{D8EBF116-C304-458E-854E-147493B81F5F}"
EndProject
Project("{9A19103F-16F7-4668-BE54-9A1E7A4F7556}") = "CoreTCP.CoreUDP", "CoreTCP.CoreUDP\CoreTCP.CoreUDP.csproj", "{27CD6422-0AE2-434C-BB22-6C1D7305985E}"
EndProject
Project("{9A19103F-16F7-4668-BE54-9A1E7A4F7556}") = "RedisClient", "RedisClient\RedisClient.csproj", "{6A940664-EC54-4537-8B75-D98F2D16521C}"
EndProject
Project("{9A19103F-16F7-4668-BE54-9A1E7A4F7556}") = "SignalrConsoleClient", "SignalrConsoleClient\SignalrConsoleClient.csproj", "{D329CFF3-1673-42F0-874F-BFA8E2B5A718}"
EndProject
Project("{9A19103F-16F7-4668-BE54-9A1E7A4F7556}") = "PromethusClient", "PromethusClient\PromethusClient.csproj", "{2D728520-2058-4E28-9563-5B5414F8F808}"
EndProject
Project("{FAE04EC0-301F-11D3-BF4B-00C04F79EFBC}") = "SignalRHub.Modals", "SignalRHub.Modals\SignalRHub.Modals.csproj", "{857968B3-1E67-4D92-B8AB-BE4057B14014}"
EndProject
Project("{FAE04EC0-301F-11D3-BF4B-00C04F79EFBC}") = "SihnalRHub.DAL", "SignalRHub.DAL\SihnalRHub.DAL.csproj", "{C0471246-EE66-46F6-82DE-06B7C37DF5F1}"
EndProject
Project("{FAE04EC0-301F-11D3-BF4B-00C04F79EFBC}") = "SignalRHub.Server", "Server\SignalRHub.Server.csproj", "{12F85AD9-D102-494E-8821-F1E65236A273}"
EndProject
Global
	GlobalSection(SolutionConfigurationPlatforms) = preSolution
		Debug|Any CPU = Debug|Any CPU
		Release|Any CPU = Release|Any CPU
	EndGlobalSection
	GlobalSection(ProjectConfigurationPlatforms) = postSolution
		{4B7A1F22-F897-4AFF-89A3-51545F6C5A18}.Debug|Any CPU.ActiveCfg = Debug|Any CPU
		{4B7A1F22-F897-4AFF-89A3-51545F6C5A18}.Debug|Any CPU.Build.0 = Debug|Any CPU
		{4B7A1F22-F897-4AFF-89A3-51545F6C5A18}.Release|Any CPU.ActiveCfg = Release|Any CPU
		{4B7A1F22-F897-4AFF-89A3-51545F6C5A18}.Release|Any CPU.Build.0 = Release|Any CPU
		{97E29BAB-1450-41F0-9C51-A5750A227E71}.Debug|Any CPU.ActiveCfg = Debug|Any CPU
		{97E29BAB-1450-41F0-9C51-A5750A227E71}.Debug|Any CPU.Build.0 = Debug|Any CPU
		{97E29BAB-1450-41F0-9C51-A5750A227E71}.Release|Any CPU.ActiveCfg = Release|Any CPU
		{97E29BAB-1450-41F0-9C51-A5750A227E71}.Release|Any CPU.Build.0 = Release|Any CPU
		{9F4284E6-8E3A-4208-87CA-FDFA7202DE92}.Debug|Any CPU.ActiveCfg = Debug|Any CPU
		{9F4284E6-8E3A-4208-87CA-FDFA7202DE92}.Debug|Any CPU.Build.0 = Debug|Any CPU
		{9F4284E6-8E3A-4208-87CA-FDFA7202DE92}.Release|Any CPU.ActiveCfg = Release|Any CPU
		{9F4284E6-8E3A-4208-87CA-FDFA7202DE92}.Release|Any CPU.Build.0 = Release|Any CPU
		{D8EBF116-C304-458E-854E-147493B81F5F}.Debug|Any CPU.ActiveCfg = Debug|Any CPU
		{D8EBF116-C304-458E-854E-147493B81F5F}.Debug|Any CPU.Build.0 = Debug|Any CPU
		{D8EBF116-C304-458E-854E-147493B81F5F}.Release|Any CPU.ActiveCfg = Release|Any CPU
		{D8EBF116-C304-458E-854E-147493B81F5F}.Release|Any CPU.Build.0 = Release|Any CPU
		{27CD6422-0AE2-434C-BB22-6C1D7305985E}.Debug|Any CPU.ActiveCfg = Debug|Any CPU
		{27CD6422-0AE2-434C-BB22-6C1D7305985E}.Debug|Any CPU.Build.0 = Debug|Any CPU
		{27CD6422-0AE2-434C-BB22-6C1D7305985E}.Release|Any CPU.ActiveCfg = Release|Any CPU
		{27CD6422-0AE2-434C-BB22-6C1D7305985E}.Release|Any CPU.Build.0 = Release|Any CPU
		{6A940664-EC54-4537-8B75-D98F2D16521C}.Debug|Any CPU.ActiveCfg = Debug|Any CPU
		{6A940664-EC54-4537-8B75-D98F2D16521C}.Debug|Any CPU.Build.0 = Debug|Any CPU
		{6A940664-EC54-4537-8B75-D98F2D16521C}.Release|Any CPU.ActiveCfg = Release|Any CPU
		{6A940664-EC54-4537-8B75-D98F2D16521C}.Release|Any CPU.Build.0 = Release|Any CPU
		{D329CFF3-1673-42F0-874F-BFA8E2B5A718}.Debug|Any CPU.ActiveCfg = Debug|Any CPU
		{D329CFF3-1673-42F0-874F-BFA8E2B5A718}.Debug|Any CPU.Build.0 = Debug|Any CPU
		{D329CFF3-1673-42F0-874F-BFA8E2B5A718}.Release|Any CPU.ActiveCfg = Release|Any CPU
		{D329CFF3-1673-42F0-874F-BFA8E2B5A718}.Release|Any CPU.Build.0 = Release|Any CPU
		{2D728520-2058-4E28-9563-5B5414F8F808}.Debug|Any CPU.ActiveCfg = Debug|Any CPU
		{2D728520-2058-4E28-9563-5B5414F8F808}.Debug|Any CPU.Build.0 = Debug|Any CPU
		{2D728520-2058-4E28-9563-5B5414F8F808}.Release|Any CPU.ActiveCfg = Release|Any CPU
		{2D728520-2058-4E28-9563-5B5414F8F808}.Release|Any CPU.Build.0 = Release|Any CPU
		{857968B3-1E67-4D92-B8AB-BE4057B14014}.Debug|Any CPU.ActiveCfg = Debug|Any CPU
		{857968B3-1E67-4D92-B8AB-BE4057B14014}.Debug|Any CPU.Build.0 = Debug|Any CPU
		{857968B3-1E67-4D92-B8AB-BE4057B14014}.Release|Any CPU.ActiveCfg = Release|Any CPU
		{857968B3-1E67-4D92-B8AB-BE4057B14014}.Release|Any CPU.Build.0 = Release|Any CPU
		{C0471246-EE66-46F6-82DE-06B7C37DF5F1}.Debug|Any CPU.ActiveCfg = Debug|Any CPU
		{C0471246-EE66-46F6-82DE-06B7C37DF5F1}.Debug|Any CPU.Build.0 = Debug|Any CPU
		{C0471246-EE66-46F6-82DE-06B7C37DF5F1}.Release|Any CPU.ActiveCfg = Release|Any CPU
		{C0471246-EE66-46F6-82DE-06B7C37DF5F1}.Release|Any CPU.Build.0 = Release|Any CPU
		{12F85AD9-D102-494E-8821-F1E65236A273}.Debug|Any CPU.ActiveCfg = Debug|Any CPU
		{12F85AD9-D102-494E-8821-F1E65236A273}.Debug|Any CPU.Build.0 = Debug|Any CPU
		{12F85AD9-D102-494E-8821-F1E65236A273}.Release|Any CPU.ActiveCfg = Release|Any CPU
		{12F85AD9-D102-494E-8821-F1E65236A273}.Release|Any CPU.Build.0 = Release|Any CPU
	EndGlobalSection
	GlobalSection(SolutionProperties) = preSolution
		HideSolutionNode = FALSE
	EndGlobalSection
	GlobalSection(ExtensibilityGlobals) = postSolution
		SolutionGuid = {4FF8F5D4-B857-4BFE-89F6-87F236007CFD}
	EndGlobalSection
EndGlobal
